
Microsoft Visual Studio Solution File, Format Version 12.00
# Visual Studio 15
VisualStudioVersion = 15.0.27130.2020
MinimumVisualStudioVersion = 10.0.40219.1
Project("{FAE04EC0-301F-11D3-BF4B-00C04F79EFBC}") = "Billing.API", "Billing.API\Billing.API.csproj", "{43C9BE80-C7A9-4579-9814-D5CE6757A7B2}"
EndProject
Global
	GlobalSection(SolutionConfigurationPlatforms) = preSolution
		Debug|Any CPU = Debug|Any CPU
		Release|Any CPU = Release|Any CPU
	EndGlobalSection
	GlobalSection(ProjectConfigurationPlatforms) = postSolution
		{43C9BE80-C7A9-4579-9814-D5CE6757A7B2}.Debug|Any CPU.ActiveCfg = Debug|Any CPU
		{43C9BE80-C7A9-4579-9814-D5CE6757A7B2}.Debug|Any CPU.Build.0 = Debug|Any CPU
		{43C9BE80-C7A9-4579-9814-D5CE6757A7B2}.Release|Any CPU.ActiveCfg = Release|Any CPU
		{43C9BE80-C7A9-4579-9814-D5CE6757A7B2}.Release|Any CPU.Build.0 = Release|Any CPU
	EndGlobalSection
	GlobalSection(SolutionProperties) = preSolution
		HideSolutionNode = FALSE
	EndGlobalSection
	GlobalSection(ExtensibilityGlobals) = postSolution
		SolutionGuid = {65FCB8FE-5776-49DA-8D40-FC6A64856E52}
	EndGlobalSection
EndGlobal
